
Microsoft Visual Studio Solution File, Format Version 12.00
# Visual Studio Version 16
VisualStudioVersion = 16.0.32413.511
MinimumVisualStudioVersion = 10.0.40219.1
Project("{FAE04EC0-301F-11D3-BF4B-00C04F79EFBC}") = "AppUniversidade", "AppUniversidade.csproj", "{056B6346-0DC0-460C-8E4C-A5BA8DBF4B60}"
EndProject
Global
	GlobalSection(SolutionConfigurationPlatforms) = preSolution
		Debug|Any CPU = Debug|Any CPU
		Release|Any CPU = Release|Any CPU
	EndGlobalSection
	GlobalSection(ProjectConfigurationPlatforms) = postSolution
		{056B6346-0DC0-460C-8E4C-A5BA8DBF4B60}.Debug|Any CPU.ActiveCfg = Debug|Any CPU
		{056B6346-0DC0-460C-8E4C-A5BA8DBF4B60}.Debug|Any CPU.Build.0 = Debug|Any CPU
		{056B6346-0DC0-460C-8E4C-A5BA8DBF4B60}.Release|Any CPU.ActiveCfg = Release|Any CPU
		{056B6346-0DC0-460C-8E4C-A5BA8DBF4B60}.Release|Any CPU.Build.0 = Release|Any CPU
	EndGlobalSection
	GlobalSection(SolutionProperties) = preSolution
		HideSolutionNode = FALSE
	EndGlobalSection
	GlobalSection(ExtensibilityGlobals) = postSolution
		SolutionGuid = {37FCA19D-AEE1-4259-80F8-AD1A6DF73957}
	EndGlobalSection
EndGlobal
